# This file is automatically @generated by Cargo.
# It is not intended for manual editing.
version = 3

[[package]]
name = "aoc2021_1"
version = "0.1.0"
dependencies = [
 "aoc_utils",
]

[[package]]
name = "aoc2021_2"
version = "0.1.0"
dependencies = [
 "aoc_utils",
]

[[package]]
name = "aoc2022_1"
version = "0.1.0"
dependencies = [
 "aoc_utils",
]

[[package]]
name = "aoc2022_2"
version = "0.1.0"
dependencies = [
 "aoc_utils",
]

[[package]]
name = "aoc2022_3"
version = "0.1.0"
dependencies = [
 "aoc_utils",
]

[[package]]
name = "aoc2022_4"
version = "0.1.0"
dependencies = [
 "aoc_utils",
]

[[package]]
name = "aoc_utils"
version = "0.1.0"

[[package]]
name = "nerbiz_aoc"
version = "0.1.0"
