# This file is automatically @generated by Cargo.
# It is not intended for manual editing.
version = 3

[[package]]
name = "aho-corasick"
version = "0.7.20"
source = "registry+https://github.com/rust-lang/crates.io-index"
checksum = "cc936419f96fa211c1b9166887b38e5e40b19958e5b895be7c1f93adec7071ac"
dependencies = [
 "memchr",
]

[[package]]
name = "aoc2021_1"
version = "0.1.0"
dependencies = [
 "aoc_utils",
]

[[package]]
name = "aoc2021_2"
version = "0.1.0"
dependencies = [
 "aoc_utils",
]

[[package]]
name = "aoc2022_1"
version = "0.1.0"
dependencies = [
 "aoc_utils",
]

[[package]]
name = "aoc2022_10"
version = "0.1.0"
dependencies = [
 "aoc_utils",
]

[[package]]
name = "aoc2022_11"
version = "0.1.0"
dependencies = [
 "aoc_utils",
]

[[package]]
name = "aoc2022_12"
version = "0.1.0"
dependencies = [
 "aoc_pathfinding",
 "aoc_utils",
]

[[package]]
name = "aoc2022_13"
version = "0.1.0"
dependencies = [
 "aoc_utils",
 "serde_json",
]

[[package]]
name = "aoc2022_14"
version = "0.1.0"
dependencies = [
 "aoc_utils",
]

[[package]]
name = "aoc2022_15"
version = "0.1.0"
dependencies = [
 "aoc_utils",
 "fancy-regex",
]

[[package]]
name = "aoc2022_16"
version = "0.1.0"
dependencies = [
 "aoc_utils",
 "regex",
]

[[package]]
name = "aoc2022_17"
version = "0.1.0"
dependencies = [
 "aoc_utils",
]

[[package]]
name = "aoc2022_18"
version = "0.1.0"
dependencies = [
 "aoc_utils",
]

[[package]]
name = "aoc2022_2"
version = "0.1.0"
dependencies = [
 "aoc_utils",
]

[[package]]
name = "aoc2022_20"
version = "0.1.0"
dependencies = [
 "aoc_utils",
]

[[package]]
name = "aoc2022_21"
version = "0.1.0"
dependencies = [
 "aoc_utils",
]

[[package]]
name = "aoc2022_22"
version = "0.1.0"
dependencies = [
 "aoc_utils",
 "regex",
]

[[package]]
name = "aoc2022_23"
version = "0.1.0"
dependencies = [
 "aoc_utils",
 "grid",
]

[[package]]
name = "aoc2022_25"
version = "0.1.0"
dependencies = [
 "aoc_utils",
]

[[package]]
name = "aoc2022_3"
version = "0.1.0"
dependencies = [
 "aoc_utils",
]

[[package]]
name = "aoc2022_4"
version = "0.1.0"
dependencies = [
 "aoc_utils",
]

[[package]]
name = "aoc2022_5"
version = "0.1.0"
dependencies = [
 "aoc_utils",
]

[[package]]
name = "aoc2022_6"
version = "0.1.0"
dependencies = [
 "aoc_utils",
 "fancy-regex",
]

[[package]]
name = "aoc2022_7"
version = "0.1.0"
dependencies = [
 "aoc_utils",
]

[[package]]
name = "aoc2022_8"
version = "0.1.0"
dependencies = [
 "aoc_utils",
]

[[package]]
name = "aoc2022_9"
version = "0.1.0"
dependencies = [
 "aoc_utils",
]

[[package]]
name = "aoc2023_1"
version = "0.1.0"
dependencies = [
 "aoc_utils",
]

[[package]]
name = "aoc2023_2"
version = "0.1.0"
dependencies = [
 "aoc_utils",
]

[[package]]
name = "aoc_pathfinding"
version = "0.1.0"

[[package]]
name = "aoc_structures"
version = "0.1.0"

[[package]]
name = "aoc_utils"
version = "0.1.0"

[[package]]
name = "bit-set"
version = "0.5.3"
source = "registry+https://github.com/rust-lang/crates.io-index"
checksum = "0700ddab506f33b20a03b13996eccd309a48e5ff77d0d95926aa0210fb4e95f1"
dependencies = [
 "bit-vec",
]

[[package]]
name = "bit-vec"
version = "0.6.3"
source = "registry+https://github.com/rust-lang/crates.io-index"
checksum = "349f9b6a179ed607305526ca489b34ad0a41aed5f7980fa90eb03160b69598fb"

[[package]]
name = "fancy-regex"
version = "0.10.0"
source = "registry+https://github.com/rust-lang/crates.io-index"
checksum = "0678ab2d46fa5195aaf59ad034c083d351377d4af57f3e073c074d0da3e3c766"
dependencies = [
 "bit-set",
 "regex",
]

[[package]]
name = "grid"
version = "0.9.0"
source = "registry+https://github.com/rust-lang/crates.io-index"
checksum = "0634107a3a005070dd73e27e74ecb691a94e9e5ba7829f434db7fbf73a6b5c47"
dependencies = [
 "no-std-compat",
]

[[package]]
name = "itoa"
version = "1.0.5"
source = "registry+https://github.com/rust-lang/crates.io-index"
checksum = "fad582f4b9e86b6caa621cabeb0963332d92eea04729ab12892c2533951e6440"

[[package]]
name = "memchr"
version = "2.5.0"
source = "registry+https://github.com/rust-lang/crates.io-index"
checksum = "2dffe52ecf27772e601905b7522cb4ef790d2cc203488bbd0e2fe85fcb74566d"

[[package]]
name = "nerbiz_aoc"
version = "0.1.0"

[[package]]
name = "no-std-compat"
version = "0.4.1"
source = "registry+https://github.com/rust-lang/crates.io-index"
checksum = "b93853da6d84c2e3c7d730d6473e8817692dd89be387eb01b94d7f108ecb5b8c"

[[package]]
name = "regex"
version = "1.7.0"
source = "registry+https://github.com/rust-lang/crates.io-index"
checksum = "e076559ef8e241f2ae3479e36f97bd5741c0330689e217ad51ce2c76808b868a"
dependencies = [
 "aho-corasick",
 "memchr",
 "regex-syntax",
]

[[package]]
name = "regex-syntax"
version = "0.6.28"
source = "registry+https://github.com/rust-lang/crates.io-index"
checksum = "456c603be3e8d448b072f410900c09faf164fbce2d480456f50eea6e25f9c848"

[[package]]
name = "ryu"
version = "1.0.12"
source = "registry+https://github.com/rust-lang/crates.io-index"
checksum = "7b4b9743ed687d4b4bcedf9ff5eaa7398495ae14e61cba0a295704edbc7decde"

[[package]]
name = "serde"
version = "1.0.152"
source = "registry+https://github.com/rust-lang/crates.io-index"
checksum = "bb7d1f0d3021d347a83e556fc4683dea2ea09d87bccdf88ff5c12545d89d5efb"

[[package]]
name = "serde_json"
version = "1.0.91"
source = "registry+https://github.com/rust-lang/crates.io-index"
checksum = "877c235533714907a8c2464236f5c4b2a17262ef1bd71f38f35ea592c8da6883"
dependencies = [
 "itoa",
 "ryu",
 "serde",
]
